
Microsoft Visual Studio Solution File, Format Version 12.00
# Visual Studio Version 17
VisualStudioVersion = 17.5.33424.131
MinimumVisualStudioVersion = 10.0.40219.1
Project("{FAE04EC0-301F-11D3-BF4B-00C04F79EFBC}") = "MVCNorthwind_1", "MVCNorthwind_1\MVCNorthwind_1.csproj", "{CFD26BE1-B6BD-423A-850B-18292B32F438}"
EndProject
Project("{2150E333-8FDC-42A3-9474-1A3956D46DE8}") = "Solution Items", "Solution Items", "{E63ACF05-701C-480F-B336-AF7FEA6BFDE0}"
	ProjectSection(SolutionItems) = preProject
		Odev.txt = Odev.txt
	EndProjectSection
EndProject
Global
	GlobalSection(SolutionConfigurationPlatforms) = preSolution
		Debug|Any CPU = Debug|Any CPU
		Release|Any CPU = Release|Any CPU
	EndGlobalSection
	GlobalSection(ProjectConfigurationPlatforms) = postSolution
		{CFD26BE1-B6BD-423A-850B-18292B32F438}.Debug|Any CPU.ActiveCfg = Debug|Any CPU
		{CFD26BE1-B6BD-423A-850B-18292B32F438}.Debug|Any CPU.Build.0 = Debug|Any CPU
		{CFD26BE1-B6BD-423A-850B-18292B32F438}.Release|Any CPU.ActiveCfg = Release|Any CPU
		{CFD26BE1-B6BD-423A-850B-18292B32F438}.Release|Any CPU.Build.0 = Release|Any CPU
	EndGlobalSection
	GlobalSection(SolutionProperties) = preSolution
		HideSolutionNode = FALSE
	EndGlobalSection
	GlobalSection(ExtensibilityGlobals) = postSolution
		SolutionGuid = {27710A76-2525-4876-A568-5D2FE9191B20}
	EndGlobalSection
EndGlobal
